
Microsoft Visual Studio Solution File, Format Version 12.00
# Visual Studio Version 16
VisualStudioVersion = 25.0.1704.2
MinimumVisualStudioVersion = 10.0.40219.1
Project("{FAE04EC0-301F-11D3-BF4B-00C04F79EFBC}") = "Factor", "Factor\Factor.csproj", "{AF153635-4921-49A1-8321-A0002A24CEA9}"
EndProject
Global
	GlobalSection(SolutionConfigurationPlatforms) = preSolution
		Debug|Any CPU = Debug|Any CPU
		Release|Any CPU = Release|Any CPU
	EndGlobalSection
	GlobalSection(ProjectConfigurationPlatforms) = postSolution
		{AF153635-4921-49A1-8321-A0002A24CEA9}.Debug|Any CPU.ActiveCfg = Debug|Any CPU
		{AF153635-4921-49A1-8321-A0002A24CEA9}.Debug|Any CPU.Build.0 = Debug|Any CPU
		{AF153635-4921-49A1-8321-A0002A24CEA9}.Release|Any CPU.ActiveCfg = Release|Any CPU
		{AF153635-4921-49A1-8321-A0002A24CEA9}.Release|Any CPU.Build.0 = Release|Any CPU
	EndGlobalSection
	GlobalSection(SolutionProperties) = preSolution
		HideSolutionNode = FALSE
	EndGlobalSection
	GlobalSection(ExtensibilityGlobals) = postSolution
		SolutionGuid = {E837A039-3BA3-421C-8FD0-3FE87BE1F605}
	EndGlobalSection
EndGlobal
