
Microsoft Visual Studio Solution File, Format Version 12.00
# Visual Studio Version 16
VisualStudioVersion = 25.0.1704.2
MinimumVisualStudioVersion = 10.0.40219.1
Project("{FAE04EC0-301F-11D3-BF4B-00C04F79EFBC}") = "LargestNumber", "LargestNumber\LargestNumber.csproj", "{0A376F9C-F059-474C-918B-C1E1144785CC}"
EndProject
Global
	GlobalSection(SolutionConfigurationPlatforms) = preSolution
		Debug|Any CPU = Debug|Any CPU
		Release|Any CPU = Release|Any CPU
	EndGlobalSection
	GlobalSection(ProjectConfigurationPlatforms) = postSolution
		{0A376F9C-F059-474C-918B-C1E1144785CC}.Debug|Any CPU.ActiveCfg = Debug|Any CPU
		{0A376F9C-F059-474C-918B-C1E1144785CC}.Debug|Any CPU.Build.0 = Debug|Any CPU
		{0A376F9C-F059-474C-918B-C1E1144785CC}.Release|Any CPU.ActiveCfg = Release|Any CPU
		{0A376F9C-F059-474C-918B-C1E1144785CC}.Release|Any CPU.Build.0 = Release|Any CPU
	EndGlobalSection
	GlobalSection(SolutionProperties) = preSolution
		HideSolutionNode = FALSE
	EndGlobalSection
	GlobalSection(ExtensibilityGlobals) = postSolution
		SolutionGuid = {23C7D2F2-E080-4AD3-845F-57195260A0B5}
	EndGlobalSection
EndGlobal
