
Microsoft Visual Studio Solution File, Format Version 12.00
# Visual Studio Version 16
VisualStudioVersion = 25.0.1704.2
MinimumVisualStudioVersion = 10.0.40219.1
Project("{FAE04EC0-301F-11D3-BF4B-00C04F79EFBC}") = "SwapNumber", "SwapNumber\SwapNumber.csproj", "{8EE56BC3-20DC-4971-B2EC-32B94A372BD0}"
EndProject
Global
	GlobalSection(SolutionConfigurationPlatforms) = preSolution
		Debug|Any CPU = Debug|Any CPU
		Release|Any CPU = Release|Any CPU
	EndGlobalSection
	GlobalSection(ProjectConfigurationPlatforms) = postSolution
		{8EE56BC3-20DC-4971-B2EC-32B94A372BD0}.Debug|Any CPU.ActiveCfg = Debug|Any CPU
		{8EE56BC3-20DC-4971-B2EC-32B94A372BD0}.Debug|Any CPU.Build.0 = Debug|Any CPU
		{8EE56BC3-20DC-4971-B2EC-32B94A372BD0}.Release|Any CPU.ActiveCfg = Release|Any CPU
		{8EE56BC3-20DC-4971-B2EC-32B94A372BD0}.Release|Any CPU.Build.0 = Release|Any CPU
	EndGlobalSection
	GlobalSection(SolutionProperties) = preSolution
		HideSolutionNode = FALSE
	EndGlobalSection
	GlobalSection(ExtensibilityGlobals) = postSolution
		SolutionGuid = {1D8575DE-9867-41B2-BEE5-189906717921}
	EndGlobalSection
EndGlobal
