
Microsoft Visual Studio Solution File, Format Version 12.00
# Visual Studio Version 16
VisualStudioVersion = 25.0.1704.2
MinimumVisualStudioVersion = 10.0.40219.1
Project("{FAE04EC0-301F-11D3-BF4B-00C04F79EFBC}") = "VowelConsonant", "VowelConsonant\VowelConsonant.csproj", "{3E9FB304-C3D9-4CED-98B7-F70BB13E2CBE}"
EndProject
Global
	GlobalSection(SolutionConfigurationPlatforms) = preSolution
		Debug|Any CPU = Debug|Any CPU
		Release|Any CPU = Release|Any CPU
	EndGlobalSection
	GlobalSection(ProjectConfigurationPlatforms) = postSolution
		{3E9FB304-C3D9-4CED-98B7-F70BB13E2CBE}.Debug|Any CPU.ActiveCfg = Debug|Any CPU
		{3E9FB304-C3D9-4CED-98B7-F70BB13E2CBE}.Debug|Any CPU.Build.0 = Debug|Any CPU
		{3E9FB304-C3D9-4CED-98B7-F70BB13E2CBE}.Release|Any CPU.ActiveCfg = Release|Any CPU
		{3E9FB304-C3D9-4CED-98B7-F70BB13E2CBE}.Release|Any CPU.Build.0 = Release|Any CPU
	EndGlobalSection
	GlobalSection(SolutionProperties) = preSolution
		HideSolutionNode = FALSE
	EndGlobalSection
	GlobalSection(ExtensibilityGlobals) = postSolution
		SolutionGuid = {B2F43E9B-1B2B-4593-9F42-8D4D39E025A2}
	EndGlobalSection
EndGlobal
